<?xml version="1.0" encoding="utf-8"?>
<Project ToolsVersion="4.0" xmlns="http://schemas.microsoft.com/developer/msbuild/2003">
  <ItemGroup>
    <Filter Include="Source Files">
      <UniqueIdentifier>{4FC737F1-C7A5-4376-A066-2A32D752A2FF}</UniqueIdentifier>
      <Extensions>cpp;c;cc;cxx;c++;cppm;ixx;def;odl;idl;hpj;bat;asm;asmx</Extensions>
    </Filter>
    <Filter Include="Header Files">
      <UniqueIdentifier>{93995380-89BD-4b04-88EB-625FBE52EBFB}</UniqueIdentifier>
      <Extensions>h;hh;hpp;hxx;h++;hm;inl;inc;ipp;xsd</Extensions>
    </Filter>
    <Filter Include="Resource Files">
      <UniqueIdentifier>{67DA6AB6-F800-4c08-8B7A-83BB121AAD01}</UniqueIdentifier>
      <Extensions>rc;ico;cur;bmp;dlg;rc2;rct;bin;rgs;gif;jpg;jpeg;jpe;resx;tiff;tif;png;wav;mfcribbon-ms</Extensions>
    </Filter>
    <Filter Include="Source Files\Music">
      <UniqueIdentifier>{c32c57c5-7940-4352-bf46-ec5a1b470663}</UniqueIdentifier>
    </Filter>
    <Filter Include="Header Files\Music">
      <UniqueIdentifier>{ab4f2605-08af-4757-a395-a10a619b6b86}</UniqueIdentifier>
    </Filter>
    <Filter Include="Source Files\Plane">
      <UniqueIdentifier>{a128ec87-3f5b-48fb-9e0c-79e708f665d4}</UniqueIdentifier>
    </Filter>
    <Filter Include="Source Files\Plane\bullet">
      <UniqueIdentifier>{e10eeed9-d932-4e39-9222-e321bbcd5134}</UniqueIdentifier>
    </Filter>
    <Filter Include="Header Files\Plane">
      <UniqueIdentifier>{0d7a6c2f-c573-4a78-a11b-67944aa20fa8}</UniqueIdentifier>
    </Filter>
    <Filter Include="Header Files\Plane\bullet">
      <UniqueIdentifier>{100e1f45-27a3-4fca-af5b-ee57b8a64c49}</UniqueIdentifier>
    </Filter>
    <Filter Include="Header Files\Plane\enemy">
      <UniqueIdentifier>{0fbb62f4-05ed-4815-a0e4-44daa718b986}</UniqueIdentifier>
    </Filter>
    <Filter Include="Source Files\Plane\enemy">
      <UniqueIdentifier>{c3cc5021-3b6f-4660-aeac-24c8cd90c31b}</UniqueIdentifier>
    </Filter>
    <Filter Include="Source Files\Plane\particle">
      <UniqueIdentifier>{505d5170-a93b-4169-b171-3d937a6bc291}</UniqueIdentifier>
    </Filter>
    <Filter Include="Header Files\Plane\particle">
      <UniqueIdentifier>{bb8a171f-ad63-4a6c-8667-22c62c82639e}</UniqueIdentifier>
    </Filter>
    <Filter Include="Source Files\Plane\player">
      <UniqueIdentifier>{0c2e957d-61bb-42f7-a904-afd3e179cb58}</UniqueIdentifier>
    </Filter>
    <Filter Include="Header Files\Plane\player">
      <UniqueIdentifier>{d4743acd-ce46-449b-bcb2-a9a3433f745f}</UniqueIdentifier>
    </Filter>
    <Filter Include="Header Files\Start Interface">
      <UniqueIdentifier>{5122d1af-c100-4f41-8ce6-638e108108bf}</UniqueIdentifier>
    </Filter>
    <Filter Include="Source Files\Start Interface">
      <UniqueIdentifier>{e474e996-20ea-49e7-9ec1-cb0d54e33f8b}</UniqueIdentifier>
    </Filter>
    <Filter Include="Source Files\Surprise">
      <UniqueIdentifier>{128e83cc-2a42-4022-a88f-4603e66ab160}</UniqueIdentifier>
    </Filter>
    <Filter Include="Header Files\Surprise">
      <UniqueIdentifier>{b4a813fe-8c10-436f-aac0-5133a017eff3}</UniqueIdentifier>
    </Filter>
    <Filter Include="Header Files\Tool">
      <UniqueIdentifier>{54eb8134-726b-46f4-b637-9eb53fa7ea6c}</UniqueIdentifier>
    </Filter>
  </ItemGroup>
  <ItemGroup>
    <ClCompile Include="MusicMCI.cpp">
      <Filter>Source Files\Music</Filter>
    </ClCompile>
    <ClCompile Include="MyMusic.cpp">
      <Filter>Source Files\Music</Filter>
    </ClCompile>
    <ClCompile Include="surprise.cpp">
      <Filter>Source Files\Surprise</Filter>
    </ClCompile>
    <ClCompile Include="starting.cpp">
      <Filter>Source Files\Start Interface</Filter>
    </ClCompile>
    <ClCompile Include="bullet.cpp">
      <Filter>Source Files\Plane\bullet</Filter>
    </ClCompile>
    <ClCompile Include="enemyBullet.cpp">
      <Filter>Source Files\Plane\bullet</Filter>
    </ClCompile>
    <ClCompile Include="enemyBullet_2.cpp">
      <Filter>Source Files\Plane\bullet</Filter>
    </ClCompile>
    <ClCompile Include="enemy.cpp">
      <Filter>Source Files\Plane\enemy</Filter>
    </ClCompile>
    <ClCompile Include="player.cpp">
      <Filter>Source Files\Plane\player</Filter>
    </ClCompile>
    <ClCompile Include="particle.cpp">
      <Filter>Source Files\Plane\particle</Filter>
    </ClCompile>
    <ClCompile Include="particle_cube3d.cpp">
      <Filter>Source Files\Plane\particle</Filter>
    </ClCompile>
    <ClCompile Include="particle_enemyBoom.cpp">
      <Filter>Source Files\Plane\particle</Filter>
    </ClCompile>
    <ClCompile Include="particle_enemyHit1.cpp">
      <Filter>Source Files\Plane\particle</Filter>
    </ClCompile>
    <ClCompile Include="particle_enemyHit2.cpp">
      <Filter>Source Files\Plane\particle</Filter>
    </ClCompile>
    <ClCompile Include="particle_enemyHit3.cpp">
      <Filter>Source Files\Plane\particle</Filter>
    </ClCompile>
    <ClCompile Include="particle_hitHalo.cpp">
      <Filter>Source Files\Plane\particle</Filter>
    </ClCompile>
    <ClCompile Include="particle_onStageHalo.cpp">
      <Filter>Source Files\Plane\particle</Filter>
    </ClCompile>
    <ClCompile Include="particle_onStagePoint.cpp">
      <Filter>Source Files\Plane\particle</Filter>
    </ClCompile>
    <ClCompile Include="particle_onStagePoint2.cpp">
      <Filter>Source Files\Plane\particle</Filter>
    </ClCompile>
    <ClCompile Include="particle_smallSquare.cpp">
      <Filter>Source Files\Plane\particle</Filter>
    </ClCompile>
    <ClCompile Include="nierPlane.cpp">
      <Filter>Source Files</Filter>
    </ClCompile>
    <ClCompile Include="GameMain.cpp">
      <Filter>Source Files</Filter>
    </ClCompile>
    <ClCompile Include="particle_planeHit1.cpp">
      <Filter>Source Files\Plane\particle</Filter>
    </ClCompile>
    <ClCompile Include="particle_planeHit2.cpp">
      <Filter>Source Files\Plane\particle</Filter>
    </ClCompile>
    <ClCompile Include="particle_planeHit3.cpp">
      <Filter>Source Files\Plane\particle</Filter>
    </ClCompile>
    <ClCompile Include="particle_planeHit4.cpp">
      <Filter>Source Files\Plane\particle</Filter>
    </ClCompile>
  </ItemGroup>
  <ItemGroup>
    <ClInclude Include="MyMusic.h">
      <Filter>Header Files\Music</Filter>
    </ClInclude>
    <ClInclude Include="musicPlayer.h">
      <Filter>Header Files\Music</Filter>
    </ClInclude>
    <ClInclude Include="MusicMCI.h">
      <Filter>Header Files\Music</Filter>
    </ClInclude>
    <ClInclude Include="surprise.h">
      <Filter>Header Files\Surprise</Filter>
    </ClInclude>
    <ClInclude Include="starting.h">
      <Filter>Header Files\Start Interface</Filter>
    </ClInclude>
    <ClInclude Include="enemyBullet_2.h">
      <Filter>Header Files\Plane\bullet</Filter>
    </ClInclude>
    <ClInclude Include="enemyBullet.h">
      <Filter>Header Files\Plane\bullet</Filter>
    </ClInclude>
    <ClInclude Include="bullet.h">
      <Filter>Header Files\Plane\bullet</Filter>
    </ClInclude>
    <ClInclude Include="enemyPage.h">
      <Filter>Header Files\Plane\enemy</Filter>
    </ClInclude>
    <ClInclude Include="enemy.h">
      <Filter>Header Files\Plane\enemy</Filter>
    </ClInclude>
    <ClInclude Include="player.h">
      <Filter>Header Files\Plane\player</Filter>
    </ClInclude>
    <ClInclude Include="particle.h">
      <Filter>Header Files\Plane\particle</Filter>
    </ClInclude>
    <ClInclude Include="particle_cube3d.h">
      <Filter>Header Files\Plane\particle</Filter>
    </ClInclude>
    <ClInclude Include="particle_enemyBoom.h">
      <Filter>Header Files\Plane\particle</Filter>
    </ClInclude>
    <ClInclude Include="particle_enemyHit1.h">
      <Filter>Header Files\Plane\particle</Filter>
    </ClInclude>
    <ClInclude Include="particle_enemyHit2.h">
      <Filter>Header Files\Plane\particle</Filter>
    </ClInclude>
    <ClInclude Include="particle_enemyHit3.h">
      <Filter>Header Files\Plane\particle</Filter>
    </ClInclude>
    <ClInclude Include="particle_hitHalo.h">
      <Filter>Header Files\Plane\particle</Filter>
    </ClInclude>
    <ClInclude Include="particle_onStageHalo.h">
      <Filter>Header Files\Plane\particle</Filter>
    </ClInclude>
    <ClInclude Include="particle_onStagePoint.h">
      <Filter>Header Files\Plane\particle</Filter>
    </ClInclude>
    <ClInclude Include="particle_onStagePoint2.h">
      <Filter>Header Files\Plane\particle</Filter>
    </ClInclude>
    <ClInclude Include="particle_smallSquare.h">
      <Filter>Header Files\Plane\particle</Filter>
    </ClInclude>
    <ClInclude Include="nierPlane.h">
      <Filter>Header Files</Filter>
    </ClInclude>
    <ClInclude Include="common.h">
      <Filter>Header Files</Filter>
    </ClInclude>
    <ClInclude Include="Timer.h">
      <Filter>Header Files\Tool</Filter>
    </ClInclude>
    <ClInclude Include="particle_planeHit1.h">
      <Filter>Header Files\Plane\particle</Filter>
    </ClInclude>
    <ClInclude Include="particle_planeHit2.h">
      <Filter>Header Files\Plane\particle</Filter>
    </ClInclude>
    <ClInclude Include="particle_planeHit3.h">
      <Filter>Header Files\Plane\particle</Filter>
    </ClInclude>
    <ClInclude Include="particle_planeHit4.h">
      <Filter>Header Files\Plane\particle</Filter>
    </ClInclude>
  </ItemGroup>
  <ItemGroup>
    <Media Include="..\..\cppGame12\Weight_of_the_World.mp3">
      <Filter>Resource Files</Filter>
    </Media>
    <Media Include="..\..\cppGame12\shooting.wav">
      <Filter>Resource Files</Filter>
    </Media>
    <Media Include="..\..\cppGame12\nonsense.mp3">
      <Filter>Resource Files</Filter>
    </Media>
    <Media Include="..\..\cppGame12\cracking.wav">
      <Filter>Resource Files</Filter>
    </Media>
    <Media Include="..\..\cppGame12\click3.wav">
      <Filter>Resource Files</Filter>
    </Media>
    <Media Include="..\Release\shooting3.mp3">
      <Filter>Resource Files</Filter>
    </Media>
  </ItemGroup>
</Project>